
Microsoft Visual Studio Solution File, Format Version 12.00
# Visual Studio 15
VisualStudioVersion = 15.0.28307.572
MinimumVisualStudioVersion = 10.0.40219.1
Project("{9A19103F-16F7-4668-BE54-9A1E7A4F7556}") = "SpecificatR.Example.Host", "src\SpecificatR.Example.Host\SpecificatR.Example.Host.csproj", "{A7B3B4C7-C076-4667-957D-D960998E4F3D}"
EndProject
Project("{9A19103F-16F7-4668-BE54-9A1E7A4F7556}") = "SpecificatR.Example.CrossCutting", "src\SpecificatR.Example.CrossCutting\SpecificatR.Example.CrossCutting.csproj", "{3533933C-43B3-49C2-9749-96DEABEF29B3}"
EndProject
Project("{9A19103F-16F7-4668-BE54-9A1E7A4F7556}") = "SpecificatR.Example.Infrastructure", "src\SpecificatR.Example.Infrastructure\SpecificatR.Example.Infrastructure.csproj", "{29C5CCDF-0FE5-4B40-AC3B-C5949487F719}"
EndProject
Global
	GlobalSection(SolutionConfigurationPlatforms) = preSolution
		Debug|Any CPU = Debug|Any CPU
		Release|Any CPU = Release|Any CPU
	EndGlobalSection
	GlobalSection(ProjectConfigurationPlatforms) = postSolution
		{A7B3B4C7-C076-4667-957D-D960998E4F3D}.Debug|Any CPU.ActiveCfg = Debug|Any CPU
		{A7B3B4C7-C076-4667-957D-D960998E4F3D}.Debug|Any CPU.Build.0 = Debug|Any CPU
		{A7B3B4C7-C076-4667-957D-D960998E4F3D}.Release|Any CPU.ActiveCfg = Release|Any CPU
		{A7B3B4C7-C076-4667-957D-D960998E4F3D}.Release|Any CPU.Build.0 = Release|Any CPU
		{3533933C-43B3-49C2-9749-96DEABEF29B3}.Debug|Any CPU.ActiveCfg = Debug|Any CPU
		{3533933C-43B3-49C2-9749-96DEABEF29B3}.Debug|Any CPU.Build.0 = Debug|Any CPU
		{3533933C-43B3-49C2-9749-96DEABEF29B3}.Release|Any CPU.ActiveCfg = Release|Any CPU
		{3533933C-43B3-49C2-9749-96DEABEF29B3}.Release|Any CPU.Build.0 = Release|Any CPU
		{29C5CCDF-0FE5-4B40-AC3B-C5949487F719}.Debug|Any CPU.ActiveCfg = Debug|Any CPU
		{29C5CCDF-0FE5-4B40-AC3B-C5949487F719}.Debug|Any CPU.Build.0 = Debug|Any CPU
		{29C5CCDF-0FE5-4B40-AC3B-C5949487F719}.Release|Any CPU.ActiveCfg = Release|Any CPU
		{29C5CCDF-0FE5-4B40-AC3B-C5949487F719}.Release|Any CPU.Build.0 = Release|Any CPU
	EndGlobalSection
	GlobalSection(SolutionProperties) = preSolution
		HideSolutionNode = FALSE
	EndGlobalSection
	GlobalSection(ExtensibilityGlobals) = postSolution
		SolutionGuid = {0EA6FE66-8373-4F82-9065-6B7E3DEE6354}
	EndGlobalSection
EndGlobal
